
Microsoft Visual Studio Solution File, Format Version 12.00
# Visual Studio Version 16
VisualStudioVersion = 16.0.29020.237
MinimumVisualStudioVersion = 10.0.40219.1
Project("{FAE04EC0-301F-11D3-BF4B-00C04F79EFBC}") = "Prueba1_HelloAzure", "Prueba1_HelloAzure\Prueba1_HelloAzure.csproj", "{E060BDC8-290F-4D3A-9261-75F6F633AD2D}"
EndProject
Global
	GlobalSection(SolutionConfigurationPlatforms) = preSolution
		Debug|Any CPU = Debug|Any CPU
		Release|Any CPU = Release|Any CPU
	EndGlobalSection
	GlobalSection(ProjectConfigurationPlatforms) = postSolution
		{E060BDC8-290F-4D3A-9261-75F6F633AD2D}.Debug|Any CPU.ActiveCfg = Debug|Any CPU
		{E060BDC8-290F-4D3A-9261-75F6F633AD2D}.Debug|Any CPU.Build.0 = Debug|Any CPU
		{E060BDC8-290F-4D3A-9261-75F6F633AD2D}.Release|Any CPU.ActiveCfg = Release|Any CPU
		{E060BDC8-290F-4D3A-9261-75F6F633AD2D}.Release|Any CPU.Build.0 = Release|Any CPU
	EndGlobalSection
	GlobalSection(SolutionProperties) = preSolution
		HideSolutionNode = FALSE
	EndGlobalSection
	GlobalSection(ExtensibilityGlobals) = postSolution
		SolutionGuid = {E576F474-8664-4954-B801-722832474550}
	EndGlobalSection
EndGlobal
